Microsoft Visual Studio Solution File, Format Version 12.00
# Visual Studio Version 17
VisualStudioVersion = 17.7.34221.43
MinimumVisualStudioVersion = 15.0.26124.0
Project("{D954291E-2A0B-460D-934E-DC6B0785DB48}") = "XkcdViewer.Shared", "XkcdViewer.Shared\XkcdViewer.Shared.shproj", "{6279C845-92F8-4333-AB99-3D213163593C}"
EndProject
Project("{FAE04EC0-301F-11D3-BF4B-00C04F79EFBC}") = "XkcdViewer.Droid", "XkcdViewer.Droid\XkcdViewer.Droid.csproj", "{A2D5D2E8-94FC-4AEF-9937-3C2394FEF886}"
EndProject
Project("{FAE04EC0-301F-11D3-BF4B-00C04F79EFBC}") = "XkcdViewer.iOS", "XkcdViewer.iOS\XkcdViewer.iOS.csproj", "{764DE31F-6381-4124-B2CB-56C3525C759E}"
EndProject
Project("{FAE04EC0-301F-11D3-BF4B-00C04F79EFBC}") = "XkcdViewer.Uwp", "XkcdViewer.UWP\XkcdViewer.Uwp.csproj", "{F705F406-574B-483F-BA0A-FCAEC7DD8FCE}"
EndProject
Project("{9A19103F-16F7-4668-BE54-9A1E7A4F7556}") = "XkcdViewer.Wasm", "XkcdViewer.Wasm\XkcdViewer.Wasm.csproj", "{40EA03F7-8A22-4143-B251-79BAC3EB13D2}"
EndProject
Project("{FAE04EC0-301F-11D3-BF4B-00C04F79EFBC}") = "XkcdViewer.macOS", "XkcdViewer.macOS\XkcdViewer.macOS.csproj", "{951FB83E-2F50-421D-8E21-4E7FC3454D31}"
EndProject
Project("{9A19103F-16F7-4668-BE54-9A1E7A4F7556}") = "XkcdViewer.Skia.Gtk", "XkcdViewer.Skia.Gtk\XkcdViewer.Skia.Gtk.csproj", "{A5B8155A-118F-4794-B551-C6F3CF7E5411}"
EndProject
Project("{9A19103F-16F7-4668-BE54-9A1E7A4F7556}") = "XkcdViewer.Skia.WPF", "XkcdViewer.Skia.WPF\XkcdViewer.Skia.WPF.csproj", "{024C46E7-B4F5-400F-9026-245FAD6C4C19}"
EndProject
Project("{9A19103F-16F7-4668-BE54-9A1E7A4F7556}") = "XkcdViewer.Skia.Wpf.Host", "XkcdViewer.Skia.WPF.Host\XkcdViewer.Skia.Wpf.Host.csproj", "{6CF284A4-22B1-4F05-97F4-F095C07A598E}"
EndProject
Project("{9A19103F-16F7-4668-BE54-9A1E7A4F7556}") = "XkcdViewer.Skia.Tizen", "XkcdViewer.Skia.Tizen\XkcdViewer.Skia.Tizen.csproj", "{9AED22A6-77DC-4799-BAE7-5F26F2070BD2}"
EndProject
Project("{9A19103F-16F7-4668-BE54-9A1E7A4F7556}") = "XkcdViewer.Skia.Linux.FrameBuffer", "XkcdViewer.Skia.Linux.FrameBuffer\XkcdViewer.Skia.Linux.FrameBuffer.csproj", "{761D821E-9905-4444-9ADF-76C995FE5427}"
EndProject
Global
	GlobalSection(SolutionConfigurationPlatforms) = preSolution
		Debug|Any CPU = Debug|Any CPU
		Debug|ARM = Debug|ARM
		Debug|ARM64 = Debug|ARM64
		Debug|iPhone = Debug|iPhone
		Debug|iPhoneSimulator = Debug|iPhoneSimulator
		Debug|x64 = Debug|x64
		Debug|x86 = Debug|x86
		Release|Any CPU = Release|Any CPU
		Release|ARM = Release|ARM
		Release|ARM64 = Release|ARM64
		Release|iPhone = Release|iPhone
		Release|iPhoneSimulator = Release|iPhoneSimulator
		Release|x64 = Release|x64
		Release|x86 = Release|x86
	EndGlobalSection
	GlobalSection(ProjectConfigurationPlatforms) = postSolution
		{A2D5D2E8-94FC-4AEF-9937-3C2394FEF886}.Debug|Any CPU.ActiveCfg = Debug|Any CPU
		{A2D5D2E8-94FC-4AEF-9937-3C2394FEF886}.Debug|Any CPU.Build.0 = Debug|Any CPU
		{A2D5D2E8-94FC-4AEF-9937-3C2394FEF886}.Debug|Any CPU.Deploy.0 = Debug|Any CPU
		{A2D5D2E8-94FC-4AEF-9937-3C2394FEF886}.Debug|ARM.ActiveCfg = Debug|Any CPU
		{A2D5D2E8-94FC-4AEF-9937-3C2394FEF886}.Debug|ARM.Build.0 = Debug|Any CPU
		{A2D5D2E8-94FC-4AEF-9937-3C2394FEF886}.Debug|ARM.Deploy.0 = Debug|Any CPU
		{A2D5D2E8-94FC-4AEF-9937-3C2394FEF886}.Debug|ARM64.ActiveCfg = Debug|Any CPU
		{A2D5D2E8-94FC-4AEF-9937-3C2394FEF886}.Debug|ARM64.Build.0 = Debug|Any CPU
		{A2D5D2E8-94FC-4AEF-9937-3C2394FEF886}.Debug|ARM64.Deploy.0 = Debug|Any CPU
		{A2D5D2E8-94FC-4AEF-9937-3C2394FEF886}.Debug|iPhone.ActiveCfg = Debug|Any CPU
		{A2D5D2E8-94FC-4AEF-9937-3C2394FEF886}.Debug|iPhone.Build.0 = Debug|Any CPU
		{A2D5D2E8-94FC-4AEF-9937-3C2394FEF886}.Debug|iPhone.Deploy.0 = Debug|Any CPU
		{A2D5D2E8-94FC-4AEF-9937-3C2394FEF886}.Debug|iPhoneSimulator.ActiveCfg = Debug|Any CPU
		{A2D5D2E8-94FC-4AEF-9937-3C2394FEF886}.Debug|iPhoneSimulator.Build.0 = Debug|Any CPU
		{A2D5D2E8-94FC-4AEF-9937-3C2394FEF886}.Debug|iPhoneSimulator.Deploy.0 = Debug|Any CPU
		{A2D5D2E8-94FC-4AEF-9937-3C2394FEF886}.Debug|x64.ActiveCfg = Debug|Any CPU
		{A2D5D2E8-94FC-4AEF-9937-3C2394FEF886}.Debug|x64.Build.0 = Debug|Any CPU
		{A2D5D2E8-94FC-4AEF-9937-3C2394FEF886}.Debug|x64.Deploy.0 = Debug|Any CPU
		{A2D5D2E8-94FC-4AEF-9937-3C2394FEF886}.Debug|x86.ActiveCfg = Debug|Any CPU
		{A2D5D2E8-94FC-4AEF-9937-3C2394FEF886}.Debug|x86.Build.0 = Debug|Any CPU
		{A2D5D2E8-94FC-4AEF-9937-3C2394FEF886}.Debug|x86.Deploy.0 = Debug|Any CPU
		{A2D5D2E8-94FC-4AEF-9937-3C2394FEF886}.Release|Any CPU.ActiveCfg = Release|Any CPU
		{A2D5D2E8-94FC-4AEF-9937-3C2394FEF886}.Release|Any CPU.Build.0 = Release|Any CPU
		{A2D5D2E8-94FC-4AEF-9937-3C2394FEF886}.Release|Any CPU.Deploy.0 = Release|Any CPU
		{A2D5D2E8-94FC-4AEF-9937-3C2394FEF886}.Release|ARM.ActiveCfg = Release|Any CPU
		{A2D5D2E8-94FC-4AEF-9937-3C2394FEF886}.Release|ARM.Build.0 = Release|Any CPU
		{A2D5D2E8-94FC-4AEF-9937-3C2394FEF886}.Release|ARM.Deploy.0 = Release|Any CPU
		{A2D5D2E8-94FC-4AEF-9937-3C2394FEF886}.Release|ARM64.ActiveCfg = Release|Any CPU
		{A2D5D2E8-94FC-4AEF-9937-3C2394FEF886}.Release|ARM64.Build.0 = Release|Any CPU
		{A2D5D2E8-94FC-4AEF-9937-3C2394FEF886}.Release|ARM64.Deploy.0 = Release|Any CPU
		{A2D5D2E8-94FC-4AEF-9937-3C2394FEF886}.Release|iPhone.ActiveCfg = Release|Any CPU
		{A2D5D2E8-94FC-4AEF-9937-3C2394FEF886}.Release|iPhone.Build.0 = Release|Any CPU
		{A2D5D2E8-94FC-4AEF-9937-3C2394FEF886}.Release|iPhone.Deploy.0 = Release|Any CPU
		{A2D5D2E8-94FC-4AEF-9937-3C2394FEF886}.Release|iPhoneSimulator.ActiveCfg = Release|Any CPU
		{A2D5D2E8-94FC-4AEF-9937-3C2394FEF886}.Release|iPhoneSimulator.Build.0 = Release|Any CPU
		{A2D5D2E8-94FC-4AEF-9937-3C2394FEF886}.Release|iPhoneSimulator.Deploy.0 = Release|Any CPU
		{A2D5D2E8-94FC-4AEF-9937-3C2394FEF886}.Release|x64.ActiveCfg = Release|Any CPU
		{A2D5D2E8-94FC-4AEF-9937-3C2394FEF886}.Release|x64.Build.0 = Release|Any CPU
		{A2D5D2E8-94FC-4AEF-9937-3C2394FEF886}.Release|x64.Deploy.0 = Release|Any CPU
		{A2D5D2E8-94FC-4AEF-9937-3C2394FEF886}.Release|x86.ActiveCfg = Release|Any CPU
		{A2D5D2E8-94FC-4AEF-9937-3C2394FEF886}.Release|x86.Build.0 = Release|Any CPU
		{A2D5D2E8-94FC-4AEF-9937-3C2394FEF886}.Release|x86.Deploy.0 = Release|Any CPU
		{764DE31F-6381-4124-B2CB-56C3525C759E}.Debug|Any CPU.ActiveCfg = Debug|iPhone
		{764DE31F-6381-4124-B2CB-56C3525C759E}.Debug|Any CPU.Build.0 = Debug|iPhone
		{764DE31F-6381-4124-B2CB-56C3525C759E}.Debug|Any CPU.Deploy.0 = Debug|iPhone
		{764DE31F-6381-4124-B2CB-56C3525C759E}.Debug|ARM.ActiveCfg = Debug|iPhone
		{764DE31F-6381-4124-B2CB-56C3525C759E}.Debug|ARM64.ActiveCfg = Debug|iPhone
		{764DE31F-6381-4124-B2CB-56C3525C759E}.Debug|iPhone.ActiveCfg = Debug|iPhone
		{764DE31F-6381-4124-B2CB-56C3525C759E}.Debug|iPhone.Build.0 = Debug|iPhone
		{764DE31F-6381-4124-B2CB-56C3525C759E}.Debug|iPhoneSimulator.ActiveCfg = Debug|iPhoneSimulator
		{764DE31F-6381-4124-B2CB-56C3525C759E}.Debug|iPhoneSimulator.Build.0 = Debug|iPhoneSimulator
		{764DE31F-6381-4124-B2CB-56C3525C759E}.Debug|x64.ActiveCfg = Debug|iPhone
		{764DE31F-6381-4124-B2CB-56C3525C759E}.Debug|x64.Build.0 = Debug|iPhone
		{764DE31F-6381-4124-B2CB-56C3525C759E}.Debug|x64.Deploy.0 = Debug|iPhone
		{764DE31F-6381-4124-B2CB-56C3525C759E}.Debug|x86.ActiveCfg = Debug|iPhoneSimulator
		{764DE31F-6381-4124-B2CB-56C3525C759E}.Debug|x86.Build.0 = Debug|iPhoneSimulator
		{764DE31F-6381-4124-B2CB-56C3525C759E}.Debug|x86.Deploy.0 = Debug|iPhoneSimulator
		{764DE31F-6381-4124-B2CB-56C3525C759E}.Release|Any CPU.ActiveCfg = Release|iPhone
		{764DE31F-6381-4124-B2CB-56C3525C759E}.Release|ARM.ActiveCfg = Release|iPhone
		{764DE31F-6381-4124-B2CB-56C3525C759E}.Release|ARM64.ActiveCfg = Release|iPhone
		{764DE31F-6381-4124-B2CB-56C3525C759E}.Release|iPhone.ActiveCfg = Release|iPhone
		{764DE31F-6381-4124-B2CB-56C3525C759E}.Release|iPhone.Build.0 = Release|iPhone
		{764DE31F-6381-4124-B2CB-56C3525C759E}.Release|iPhoneSimulator.ActiveCfg = Release|iPhoneSimulator
		{764DE31F-6381-4124-B2CB-56C3525C759E}.Release|iPhoneSimulator.Build.0 = Release|iPhoneSimulator
		{764DE31F-6381-4124-B2CB-56C3525C759E}.Release|x64.ActiveCfg = Release|iPhoneSimulator
		{764DE31F-6381-4124-B2CB-56C3525C759E}.Release|x64.Build.0 = Release|iPhoneSimulator
		{764DE31F-6381-4124-B2CB-56C3525C759E}.Release|x64.Deploy.0 = Release|iPhoneSimulator
		{764DE31F-6381-4124-B2CB-56C3525C759E}.Release|x86.ActiveCfg = Release|iPhoneSimulator
		{764DE31F-6381-4124-B2CB-56C3525C759E}.Release|x86.Build.0 = Release|iPhoneSimulator
		{F705F406-574B-483F-BA0A-FCAEC7DD8FCE}.Debug|Any CPU.ActiveCfg = Debug|x86
		{F705F406-574B-483F-BA0A-FCAEC7DD8FCE}.Debug|Any CPU.Build.0 = Debug|x86
		{F705F406-574B-483F-BA0A-FCAEC7DD8FCE}.Debug|Any CPU.Deploy.0 = Debug|x86
		{F705F406-574B-483F-BA0A-FCAEC7DD8FCE}.Debug|ARM.ActiveCfg = Debug|ARM
		{F705F406-574B-483F-BA0A-FCAEC7DD8FCE}.Debug|ARM.Build.0 = Debug|ARM
		{F705F406-574B-483F-BA0A-FCAEC7DD8FCE}.Debug|ARM.Deploy.0 = Debug|ARM
		{F705F406-574B-483F-BA0A-FCAEC7DD8FCE}.Debug|ARM64.ActiveCfg = Debug|ARM64
		{F705F406-574B-483F-BA0A-FCAEC7DD8FCE}.Debug|ARM64.Build.0 = Debug|ARM64
		{F705F406-574B-483F-BA0A-FCAEC7DD8FCE}.Debug|ARM64.Deploy.0 = Debug|ARM64
		{F705F406-574B-483F-BA0A-FCAEC7DD8FCE}.Debug|iPhone.ActiveCfg = Debug|x86
		{F705F406-574B-483F-BA0A-FCAEC7DD8FCE}.Debug|iPhone.Build.0 = Debug|x86
		{F705F406-574B-483F-BA0A-FCAEC7DD8FCE}.Debug|iPhone.Deploy.0 = Debug|x86
		{F705F406-574B-483F-BA0A-FCAEC7DD8FCE}.Debug|iPhoneSimulator.ActiveCfg = Debug|x86
		{F705F406-574B-483F-BA0A-FCAEC7DD8FCE}.Debug|iPhoneSimulator.Build.0 = Debug|x86
		{F705F406-574B-483F-BA0A-FCAEC7DD8FCE}.Debug|iPhoneSimulator.Deploy.0 = Debug|x86
		{F705F406-574B-483F-BA0A-FCAEC7DD8FCE}.Debug|x64.ActiveCfg = Debug|x64
		{F705F406-574B-483F-BA0A-FCAEC7DD8FCE}.Debug|x64.Build.0 = Debug|x64
		{F705F406-574B-483F-BA0A-FCAEC7DD8FCE}.Debug|x64.Deploy.0 = Debug|x64
		{F705F406-574B-483F-BA0A-FCAEC7DD8FCE}.Debug|x86.ActiveCfg = Debug|x86
		{F705F406-574B-483F-BA0A-FCAEC7DD8FCE}.Debug|x86.Build.0 = Debug|x86
		{F705F406-574B-483F-BA0A-FCAEC7DD8FCE}.Debug|x86.Deploy.0 = Debug|x86
		{F705F406-574B-483F-BA0A-FCAEC7DD8FCE}.Release|Any CPU.ActiveCfg = Release|x86
		{F705F406-574B-483F-BA0A-FCAEC7DD8FCE}.Release|ARM.ActiveCfg = Release|ARM
		{F705F406-574B-483F-BA0A-FCAEC7DD8FCE}.Release|ARM.Build.0 = Release|ARM
		{F705F406-574B-483F-BA0A-FCAEC7DD8FCE}.Release|ARM.Deploy.0 = Release|ARM
		{F705F406-574B-483F-BA0A-FCAEC7DD8FCE}.Release|ARM64.ActiveCfg = Release|ARM64
		{F705F406-574B-483F-BA0A-FCAEC7DD8FCE}.Release|ARM64.Build.0 = Release|ARM64
		{F705F406-574B-483F-BA0A-FCAEC7DD8FCE}.Release|ARM64.Deploy.0 = Release|ARM64
		{F705F406-574B-483F-BA0A-FCAEC7DD8FCE}.Release|iPhone.ActiveCfg = Release|x86
		{F705F406-574B-483F-BA0A-FCAEC7DD8FCE}.Release|iPhone.Build.0 = Release|x86
		{F705F406-574B-483F-BA0A-FCAEC7DD8FCE}.Release|iPhoneSimulator.ActiveCfg = Release|x86
		{F705F406-574B-483F-BA0A-FCAEC7DD8FCE}.Release|iPhoneSimulator.Build.0 = Release|x86
		{F705F406-574B-483F-BA0A-FCAEC7DD8FCE}.Release|iPhoneSimulator.Deploy.0 = Release|x86
		{F705F406-574B-483F-BA0A-FCAEC7DD8FCE}.Release|x64.ActiveCfg = Release|x64
		{F705F406-574B-483F-BA0A-FCAEC7DD8FCE}.Release|x64.Build.0 = Release|x64
		{F705F406-574B-483F-BA0A-FCAEC7DD8FCE}.Release|x64.Deploy.0 = Release|x64
		{F705F406-574B-483F-BA0A-FCAEC7DD8FCE}.Release|x86.ActiveCfg = Release|x86
		{F705F406-574B-483F-BA0A-FCAEC7DD8FCE}.Release|x86.Build.0 = Release|x86
		{F705F406-574B-483F-BA0A-FCAEC7DD8FCE}.Release|x86.Deploy.0 = Release|x86
		{40EA03F7-8A22-4143-B251-79BAC3EB13D2}.Debug|Any CPU.ActiveCfg = Debug|Any CPU
		{40EA03F7-8A22-4143-B251-79BAC3EB13D2}.Debug|Any CPU.Build.0 = Debug|Any CPU
		{40EA03F7-8A22-4143-B251-79BAC3EB13D2}.Debug|ARM.ActiveCfg = Debug|Any CPU
		{40EA03F7-8A22-4143-B251-79BAC3EB13D2}.Debug|ARM.Build.0 = Debug|Any CPU
		{40EA03F7-8A22-4143-B251-79BAC3EB13D2}.Debug|ARM64.ActiveCfg = Debug|Any CPU
		{40EA03F7-8A22-4143-B251-79BAC3EB13D2}.Debug|ARM64.Build.0 = Debug|Any CPU
		{40EA03F7-8A22-4143-B251-79BAC3EB13D2}.Debug|iPhone.ActiveCfg = Debug|Any CPU
		{40EA03F7-8A22-4143-B251-79BAC3EB13D2}.Debug|iPhone.Build.0 = Debug|Any CPU
		{40EA03F7-8A22-4143-B251-79BAC3EB13D2}.Debug|iPhoneSimulator.ActiveCfg = Debug|Any CPU
		{40EA03F7-8A22-4143-B251-79BAC3EB13D2}.Debug|iPhoneSimulator.Build.0 = Debug|Any CPU
		{40EA03F7-8A22-4143-B251-79BAC3EB13D2}.Debug|x64.ActiveCfg = Debug|Any CPU
		{40EA03F7-8A22-4143-B251-79BAC3EB13D2}.Debug|x64.Build.0 = Debug|Any CPU
		{40EA03F7-8A22-4143-B251-79BAC3EB13D2}.Debug|x86.ActiveCfg = Debug|Any CPU
		{40EA03F7-8A22-4143-B251-79BAC3EB13D2}.Debug|x86.Build.0 = Debug|Any CPU
		{40EA03F7-8A22-4143-B251-79BAC3EB13D2}.Release|Any CPU.ActiveCfg = Release|Any CPU
		{40EA03F7-8A22-4143-B251-79BAC3EB13D2}.Release|Any CPU.Build.0 = Release|Any CPU
		{40EA03F7-8A22-4143-B251-79BAC3EB13D2}.Release|ARM.ActiveCfg = Release|Any CPU
		{40EA03F7-8A22-4143-B251-79BAC3EB13D2}.Release|ARM.Build.0 = Release|Any CPU
		{40EA03F7-8A22-4143-B251-79BAC3EB13D2}.Release|ARM64.ActiveCfg = Release|Any CPU
		{40EA03F7-8A22-4143-B251-79BAC3EB13D2}.Release|ARM64.Build.0 = Release|Any CPU
		{40EA03F7-8A22-4143-B251-79BAC3EB13D2}.Release|iPhone.ActiveCfg = Release|Any CPU
		{40EA03F7-8A22-4143-B251-79BAC3EB13D2}.Release|iPhone.Build.0 = Release|Any CPU
		{40EA03F7-8A22-4143-B251-79BAC3EB13D2}.Release|iPhoneSimulator.ActiveCfg = Release|Any CPU
		{40EA03F7-8A22-4143-B251-79BAC3EB13D2}.Release|iPhoneSimulator.Build.0 = Release|Any CPU
		{40EA03F7-8A22-4143-B251-79BAC3EB13D2}.Release|x64.ActiveCfg = Release|Any CPU
		{40EA03F7-8A22-4143-B251-79BAC3EB13D2}.Release|x64.Build.0 = Release|Any CPU
		{40EA03F7-8A22-4143-B251-79BAC3EB13D2}.Release|x86.ActiveCfg = Release|Any CPU
		{40EA03F7-8A22-4143-B251-79BAC3EB13D2}.Release|x86.Build.0 = Release|Any CPU
		{951FB83E-2F50-421D-8E21-4E7FC3454D31}.Debug|Any CPU.ActiveCfg = Debug|iPhoneSimulator
		{951FB83E-2F50-421D-8E21-4E7FC3454D31}.Debug|Any CPU.Build.0 = Debug|iPhoneSimulator
		{951FB83E-2F50-421D-8E21-4E7FC3454D31}.Debug|ARM.ActiveCfg = Debug|iPhoneSimulator
		{951FB83E-2F50-421D-8E21-4E7FC3454D31}.Debug|ARM64.ActiveCfg = Debug|iPhoneSimulator
		{951FB83E-2F50-421D-8E21-4E7FC3454D31}.Debug|iPhone.ActiveCfg = Debug|iPhoneSimulator
		{951FB83E-2F50-421D-8E21-4E7FC3454D31}.Debug|iPhone.Build.0 = Debug|iPhoneSimulator
		{951FB83E-2F50-421D-8E21-4E7FC3454D31}.Debug|iPhoneSimulator.ActiveCfg = Debug|iPhoneSimulator
		{951FB83E-2F50-421D-8E21-4E7FC3454D31}.Debug|iPhoneSimulator.Build.0 = Debug|iPhoneSimulator
		{951FB83E-2F50-421D-8E21-4E7FC3454D31}.Debug|x64.ActiveCfg = Debug|iPhoneSimulator
		{951FB83E-2F50-421D-8E21-4E7FC3454D31}.Debug|x64.Build.0 = Debug|iPhoneSimulator
		{951FB83E-2F50-421D-8E21-4E7FC3454D31}.Debug|x86.ActiveCfg = Debug|iPhoneSimulator
		{951FB83E-2F50-421D-8E21-4E7FC3454D31}.Debug|x86.Build.0 = Debug|iPhoneSimulator
		{951FB83E-2F50-421D-8E21-4E7FC3454D31}.Release|Any CPU.ActiveCfg = Release|iPhoneSimulator
		{951FB83E-2F50-421D-8E21-4E7FC3454D31}.Release|ARM.ActiveCfg = Release|iPhoneSimulator
		{951FB83E-2F50-421D-8E21-4E7FC3454D31}.Release|ARM64.ActiveCfg = Release|iPhoneSimulator
		{951FB83E-2F50-421D-8E21-4E7FC3454D31}.Release|iPhone.ActiveCfg = Release|iPhoneSimulator
		{951FB83E-2F50-421D-8E21-4E7FC3454D31}.Release|iPhone.Build.0 = Release|iPhoneSimulator
		{951FB83E-2F50-421D-8E21-4E7FC3454D31}.Release|iPhoneSimulator.ActiveCfg = Release|iPhoneSimulator
		{951FB83E-2F50-421D-8E21-4E7FC3454D31}.Release|iPhoneSimulator.Build.0 = Release|iPhoneSimulator
		{951FB83E-2F50-421D-8E21-4E7FC3454D31}.Release|x64.ActiveCfg = Release|iPhoneSimulator
		{951FB83E-2F50-421D-8E21-4E7FC3454D31}.Release|x64.Build.0 = Release|iPhoneSimulator
		{951FB83E-2F50-421D-8E21-4E7FC3454D31}.Release|x86.ActiveCfg = Release|iPhoneSimulator
		{951FB83E-2F50-421D-8E21-4E7FC3454D31}.Release|x86.Build.0 = Release|iPhoneSimulator
		{A5B8155A-118F-4794-B551-C6F3CF7E5411}.Debug|Any CPU.ActiveCfg = Debug|Any CPU
		{A5B8155A-118F-4794-B551-C6F3CF7E5411}.Debug|Any CPU.Build.0 = Debug|Any CPU
		{A5B8155A-118F-4794-B551-C6F3CF7E5411}.Debug|ARM.ActiveCfg = Debug|Any CPU
		{A5B8155A-118F-4794-B551-C6F3CF7E5411}.Debug|ARM.Build.0 = Debug|Any CPU
		{A5B8155A-118F-4794-B551-C6F3CF7E5411}.Debug|ARM64.ActiveCfg = Debug|Any CPU
		{A5B8155A-118F-4794-B551-C6F3CF7E5411}.Debug|ARM64.Build.0 = Debug|Any CPU
		{A5B8155A-118F-4794-B551-C6F3CF7E5411}.Debug|iPhone.ActiveCfg = Debug|Any CPU
		{A5B8155A-118F-4794-B551-C6F3CF7E5411}.Debug|iPhone.Build.0 = Debug|Any CPU
		{A5B8155A-118F-4794-B551-C6F3CF7E5411}.Debug|iPhoneSimulator.ActiveCfg = Debug|Any CPU
		{A5B8155A-118F-4794-B551-C6F3CF7E5411}.Debug|iPhoneSimulator.Build.0 = Debug|Any CPU
		{A5B8155A-118F-4794-B551-C6F3CF7E5411}.Debug|x64.ActiveCfg = Debug|Any CPU
		{A5B8155A-118F-4794-B551-C6F3CF7E5411}.Debug|x64.Build.0 = Debug|Any CPU
		{A5B8155A-118F-4794-B551-C6F3CF7E5411}.Debug|x86.ActiveCfg = Debug|Any CPU
		{A5B8155A-118F-4794-B551-C6F3CF7E5411}.Debug|x86.Build.0 = Debug|Any CPU
		{A5B8155A-118F-4794-B551-C6F3CF7E5411}.Release|Any CPU.ActiveCfg = Release|Any CPU
		{A5B8155A-118F-4794-B551-C6F3CF7E5411}.Release|Any CPU.Build.0 = Release|Any CPU
		{A5B8155A-118F-4794-B551-C6F3CF7E5411}.Release|ARM.ActiveCfg = Release|Any CPU
		{A5B8155A-118F-4794-B551-C6F3CF7E5411}.Release|ARM.Build.0 = Release|Any CPU
		{A5B8155A-118F-4794-B551-C6F3CF7E5411}.Release|ARM64.ActiveCfg = Release|Any CPU
		{A5B8155A-118F-4794-B551-C6F3CF7E5411}.Release|ARM64.Build.0 = Release|Any CPU
		{A5B8155A-118F-4794-B551-C6F3CF7E5411}.Release|iPhone.ActiveCfg = Release|Any CPU
		{A5B8155A-118F-4794-B551-C6F3CF7E5411}.Release|iPhone.Build.0 = Release|Any CPU
		{A5B8155A-118F-4794-B551-C6F3CF7E5411}.Release|iPhoneSimulator.ActiveCfg = Release|Any CPU
		{A5B8155A-118F-4794-B551-C6F3CF7E5411}.Release|iPhoneSimulator.Build.0 = Release|Any CPU
		{A5B8155A-118F-4794-B551-C6F3CF7E5411}.Release|x64.ActiveCfg = Release|Any CPU
		{A5B8155A-118F-4794-B551-C6F3CF7E5411}.Release|x64.Build.0 = Release|Any CPU
		{A5B8155A-118F-4794-B551-C6F3CF7E5411}.Release|x86.ActiveCfg = Release|Any CPU
		{A5B8155A-118F-4794-B551-C6F3CF7E5411}.Release|x86.Build.0 = Release|Any CPU
		{024C46E7-B4F5-400F-9026-245FAD6C4C19}.Debug|Any CPU.ActiveCfg = Debug|Any CPU
		{024C46E7-B4F5-400F-9026-245FAD6C4C19}.Debug|Any CPU.Build.0 = Debug|Any CPU
		{024C46E7-B4F5-400F-9026-245FAD6C4C19}.Debug|Any CPU.Deploy.0 = Debug|Any CPU
		{024C46E7-B4F5-400F-9026-245FAD6C4C19}.Debug|ARM.ActiveCfg = Debug|Any CPU
		{024C46E7-B4F5-400F-9026-245FAD6C4C19}.Debug|ARM.Build.0 = Debug|Any CPU
		{024C46E7-B4F5-400F-9026-245FAD6C4C19}.Debug|ARM.Deploy.0 = Debug|Any CPU
		{024C46E7-B4F5-400F-9026-245FAD6C4C19}.Debug|ARM64.ActiveCfg = Debug|Any CPU
		{024C46E7-B4F5-400F-9026-245FAD6C4C19}.Debug|ARM64.Build.0 = Debug|Any CPU
		{024C46E7-B4F5-400F-9026-245FAD6C4C19}.Debug|ARM64.Deploy.0 = Debug|Any CPU
		{024C46E7-B4F5-400F-9026-245FAD6C4C19}.Debug|iPhone.ActiveCfg = Debug|Any CPU
		{024C46E7-B4F5-400F-9026-245FAD6C4C19}.Debug|iPhone.Build.0 = Debug|Any CPU
		{024C46E7-B4F5-400F-9026-245FAD6C4C19}.Debug|iPhone.Deploy.0 = Debug|Any CPU
		{024C46E7-B4F5-400F-9026-245FAD6C4C19}.Debug|iPhoneSimulator.ActiveCfg = Debug|Any CPU
		{024C46E7-B4F5-400F-9026-245FAD6C4C19}.Debug|iPhoneSimulator.Build.0 = Debug|Any CPU
		{024C46E7-B4F5-400F-9026-245FAD6C4C19}.Debug|iPhoneSimulator.Deploy.0 = Debug|Any CPU
		{024C46E7-B4F5-400F-9026-245FAD6C4C19}.Debug|x64.ActiveCfg = Debug|Any CPU
		{024C46E7-B4F5-400F-9026-245FAD6C4C19}.Debug|x64.Build.0 = Debug|Any CPU
		{024C46E7-B4F5-400F-9026-245FAD6C4C19}.Debug|x64.Deploy.0 = Debug|Any CPU
		{024C46E7-B4F5-400F-9026-245FAD6C4C19}.Debug|x86.ActiveCfg = Debug|Any CPU
		{024C46E7-B4F5-400F-9026-245FAD6C4C19}.Debug|x86.Build.0 = Debug|Any CPU
		{024C46E7-B4F5-400F-9026-245FAD6C4C19}.Debug|x86.Deploy.0 = Debug|Any CPU
		{024C46E7-B4F5-400F-9026-245FAD6C4C19}.Release|Any CPU.ActiveCfg = Release|Any CPU
		{024C46E7-B4F5-400F-9026-245FAD6C4C19}.Release|Any CPU.Build.0 = Release|Any CPU
		{024C46E7-B4F5-400F-9026-245FAD6C4C19}.Release|ARM.ActiveCfg = Release|Any CPU
		{024C46E7-B4F5-400F-9026-245FAD6C4C19}.Release|ARM.Build.0 = Release|Any CPU
		{024C46E7-B4F5-400F-9026-245FAD6C4C19}.Release|ARM.Deploy.0 = Release|Any CPU
		{024C46E7-B4F5-400F-9026-245FAD6C4C19}.Release|ARM64.ActiveCfg = Release|Any CPU
		{024C46E7-B4F5-400F-9026-245FAD6C4C19}.Release|ARM64.Build.0 = Release|Any CPU
		{024C46E7-B4F5-400F-9026-245FAD6C4C19}.Release|ARM64.Deploy.0 = Release|Any CPU
		{024C46E7-B4F5-400F-9026-245FAD6C4C19}.Release|iPhone.ActiveCfg = Release|Any CPU
		{024C46E7-B4F5-400F-9026-245FAD6C4C19}.Release|iPhone.Build.0 = Release|Any CPU
		{024C46E7-B4F5-400F-9026-245FAD6C4C19}.Release|iPhoneSimulator.ActiveCfg = Release|Any CPU
		{024C46E7-B4F5-400F-9026-245FAD6C4C19}.Release|iPhoneSimulator.Build.0 = Release|Any CPU
		{024C46E7-B4F5-400F-9026-245FAD6C4C19}.Release|iPhoneSimulator.Deploy.0 = Release|Any CPU
		{024C46E7-B4F5-400F-9026-245FAD6C4C19}.Release|x64.ActiveCfg = Release|Any CPU
		{024C46E7-B4F5-400F-9026-245FAD6C4C19}.Release|x64.Build.0 = Release|Any CPU
		{024C46E7-B4F5-400F-9026-245FAD6C4C19}.Release|x64.Deploy.0 = Release|Any CPU
		{024C46E7-B4F5-400F-9026-245FAD6C4C19}.Release|x86.ActiveCfg = Release|Any CPU
		{024C46E7-B4F5-400F-9026-245FAD6C4C19}.Release|x86.Build.0 = Release|Any CPU
		{024C46E7-B4F5-400F-9026-245FAD6C4C19}.Release|x86.Deploy.0 = Release|Any CPU
		{6CF284A4-22B1-4F05-97F4-F095C07A598E}.Debug|Any CPU.ActiveCfg = Debug|Any CPU
		{6CF284A4-22B1-4F05-97F4-F095C07A598E}.Debug|Any CPU.Build.0 = Debug|Any CPU
		{6CF284A4-22B1-4F05-97F4-F095C07A598E}.Debug|ARM.ActiveCfg = Debug|Any CPU
		{6CF284A4-22B1-4F05-97F4-F095C07A598E}.Debug|ARM.Build.0 = Debug|Any CPU
		{6CF284A4-22B1-4F05-97F4-F095C07A598E}.Debug|ARM64.ActiveCfg = Debug|Any CPU
		{6CF284A4-22B1-4F05-97F4-F095C07A598E}.Debug|ARM64.Build.0 = Debug|Any CPU
		{6CF284A4-22B1-4F05-97F4-F095C07A598E}.Debug|iPhone.ActiveCfg = Debug|Any CPU
		{6CF284A4-22B1-4F05-97F4-F095C07A598E}.Debug|iPhone.Build.0 = Debug|Any CPU
		{6CF284A4-22B1-4F05-97F4-F095C07A598E}.Debug|iPhoneSimulator.ActiveCfg = Debug|Any CPU
		{6CF284A4-22B1-4F05-97F4-F095C07A598E}.Debug|iPhoneSimulator.Build.0 = Debug|Any CPU
		{6CF284A4-22B1-4F05-97F4-F095C07A598E}.Debug|x64.ActiveCfg = Debug|Any CPU
		{6CF284A4-22B1-4F05-97F4-F095C07A598E}.Debug|x64.Build.0 = Debug|Any CPU
		{6CF284A4-22B1-4F05-97F4-F095C07A598E}.Debug|x86.ActiveCfg = Debug|Any CPU
		{6CF284A4-22B1-4F05-97F4-F095C07A598E}.Debug|x86.Build.0 = Debug|Any CPU
		{6CF284A4-22B1-4F05-97F4-F095C07A598E}.Release|Any CPU.ActiveCfg = Release|Any CPU
		{6CF284A4-22B1-4F05-97F4-F095C07A598E}.Release|Any CPU.Build.0 = Release|Any CPU
		{6CF284A4-22B1-4F05-97F4-F095C07A598E}.Release|ARM.ActiveCfg = Release|Any CPU
		{6CF284A4-22B1-4F05-97F4-F095C07A598E}.Release|ARM.Build.0 = Release|Any CPU
		{6CF284A4-22B1-4F05-97F4-F095C07A598E}.Release|ARM64.ActiveCfg = Release|Any CPU
		{6CF284A4-22B1-4F05-97F4-F095C07A598E}.Release|ARM64.Build.0 = Release|Any CPU
		{6CF284A4-22B1-4F05-97F4-F095C07A598E}.Release|iPhone.ActiveCfg = Release|Any CPU
		{6CF284A4-22B1-4F05-97F4-F095C07A598E}.Release|iPhone.Build.0 = Release|Any CPU
		{6CF284A4-22B1-4F05-97F4-F095C07A598E}.Release|iPhoneSimulator.ActiveCfg = Release|Any CPU
		{6CF284A4-22B1-4F05-97F4-F095C07A598E}.Release|iPhoneSimulator.Build.0 = Release|Any CPU
		{6CF284A4-22B1-4F05-97F4-F095C07A598E}.Release|x64.ActiveCfg = Release|Any CPU
		{6CF284A4-22B1-4F05-97F4-F095C07A598E}.Release|x64.Build.0 = Release|Any CPU
		{6CF284A4-22B1-4F05-97F4-F095C07A598E}.Release|x86.ActiveCfg = Release|Any CPU
		{6CF284A4-22B1-4F05-97F4-F095C07A598E}.Release|x86.Build.0 = Release|Any CPU
		{9AED22A6-77DC-4799-BAE7-5F26F2070BD2}.Debug|Any CPU.ActiveCfg = Debug|Any CPU
		{9AED22A6-77DC-4799-BAE7-5F26F2070BD2}.Debug|Any CPU.Build.0 = Debug|Any CPU
		{9AED22A6-77DC-4799-BAE7-5F26F2070BD2}.Debug|ARM.ActiveCfg = Debug|Any CPU
		{9AED22A6-77DC-4799-BAE7-5F26F2070BD2}.Debug|ARM.Build.0 = Debug|Any CPU
		{9AED22A6-77DC-4799-BAE7-5F26F2070BD2}.Debug|ARM64.ActiveCfg = Debug|Any CPU
		{9AED22A6-77DC-4799-BAE7-5F26F2070BD2}.Debug|ARM64.Build.0 = Debug|Any CPU
		{9AED22A6-77DC-4799-BAE7-5F26F2070BD2}.Debug|iPhone.ActiveCfg = Debug|Any CPU
		{9AED22A6-77DC-4799-BAE7-5F26F2070BD2}.Debug|iPhone.Build.0 = Debug|Any CPU
		{9AED22A6-77DC-4799-BAE7-5F26F2070BD2}.Debug|iPhoneSimulator.ActiveCfg = Debug|Any CPU
		{9AED22A6-77DC-4799-BAE7-5F26F2070BD2}.Debug|iPhoneSimulator.Build.0 = Debug|Any CPU
		{9AED22A6-77DC-4799-BAE7-5F26F2070BD2}.Debug|x64.ActiveCfg = Debug|Any CPU
		{9AED22A6-77DC-4799-BAE7-5F26F2070BD2}.Debug|x64.Build.0 = Debug|Any CPU
		{9AED22A6-77DC-4799-BAE7-5F26F2070BD2}.Debug|x86.ActiveCfg = Debug|Any CPU
		{9AED22A6-77DC-4799-BAE7-5F26F2070BD2}.Debug|x86.Build.0 = Debug|Any CPU
		{9AED22A6-77DC-4799-BAE7-5F26F2070BD2}.Release|Any CPU.ActiveCfg = Release|Any CPU
		{9AED22A6-77DC-4799-BAE7-5F26F2070BD2}.Release|Any CPU.Build.0 = Release|Any CPU
		{9AED22A6-77DC-4799-BAE7-5F26F2070BD2}.Release|ARM.ActiveCfg = Release|Any CPU
		{9AED22A6-77DC-4799-BAE7-5F26F2070BD2}.Release|ARM.Build.0 = Release|Any CPU
		{9AED22A6-77DC-4799-BAE7-5F26F2070BD2}.Release|ARM64.ActiveCfg = Release|Any CPU
		{9AED22A6-77DC-4799-BAE7-5F26F2070BD2}.Release|ARM64.Build.0 = Release|Any CPU
		{9AED22A6-77DC-4799-BAE7-5F26F2070BD2}.Release|iPhone.ActiveCfg = Release|Any CPU
		{9AED22A6-77DC-4799-BAE7-5F26F2070BD2}.Release|iPhone.Build.0 = Release|Any CPU
		{9AED22A6-77DC-4799-BAE7-5F26F2070BD2}.Release|iPhoneSimulator.ActiveCfg = Release|Any CPU
		{9AED22A6-77DC-4799-BAE7-5F26F2070BD2}.Release|iPhoneSimulator.Build.0 = Release|Any CPU
		{9AED22A6-77DC-4799-BAE7-5F26F2070BD2}.Release|x64.ActiveCfg = Release|Any CPU
		{9AED22A6-77DC-4799-BAE7-5F26F2070BD2}.Release|x64.Build.0 = Release|Any CPU
		{9AED22A6-77DC-4799-BAE7-5F26F2070BD2}.Release|x86.ActiveCfg = Release|Any CPU
		{9AED22A6-77DC-4799-BAE7-5F26F2070BD2}.Release|x86.Build.0 = Release|Any CPU
		{761D821E-9905-4444-9ADF-76C995FE5427}.Debug|Any CPU.ActiveCfg = Debug|Any CPU
		{761D821E-9905-4444-9ADF-76C995FE5427}.Debug|Any CPU.Build.0 = Debug|Any CPU
		{761D821E-9905-4444-9ADF-76C995FE5427}.Debug|ARM.ActiveCfg = Debug|Any CPU
		{761D821E-9905-4444-9ADF-76C995FE5427}.Debug|ARM.Build.0 = Debug|Any CPU
		{761D821E-9905-4444-9ADF-76C995FE5427}.Debug|ARM64.ActiveCfg = Debug|Any CPU
		{761D821E-9905-4444-9ADF-76C995FE5427}.Debug|ARM64.Build.0 = Debug|Any CPU
		{761D821E-9905-4444-9ADF-76C995FE5427}.Debug|iPhone.ActiveCfg = Debug|Any CPU
		{761D821E-9905-4444-9ADF-76C995FE5427}.Debug|iPhone.Build.0 = Debug|Any CPU
		{761D821E-9905-4444-9ADF-76C995FE5427}.Debug|iPhoneSimulator.ActiveCfg = Debug|Any CPU
		{761D821E-9905-4444-9ADF-76C995FE5427}.Debug|iPhoneSimulator.Build.0 = Debug|Any CPU
		{761D821E-9905-4444-9ADF-76C995FE5427}.Debug|x64.ActiveCfg = Debug|Any CPU
		{761D821E-9905-4444-9ADF-76C995FE5427}.Debug|x64.Build.0 = Debug|Any CPU
		{761D821E-9905-4444-9ADF-76C995FE5427}.Debug|x86.ActiveCfg = Debug|Any CPU
		{761D821E-9905-4444-9ADF-76C995FE5427}.Debug|x86.Build.0 = Debug|Any CPU
		{761D821E-9905-4444-9ADF-76C995FE5427}.Release|Any CPU.ActiveCfg = Release|Any CPU
		{761D821E-9905-4444-9ADF-76C995FE5427}.Release|Any CPU.Build.0 = Release|Any CPU
		{761D821E-9905-4444-9ADF-76C995FE5427}.Release|ARM.ActiveCfg = Release|Any CPU
		{761D821E-9905-4444-9ADF-76C995FE5427}.Release|ARM.Build.0 = Release|Any CPU
		{761D821E-9905-4444-9ADF-76C995FE5427}.Release|ARM64.ActiveCfg = Release|Any CPU
		{761D821E-9905-4444-9ADF-76C995FE5427}.Release|ARM64.Build.0 = Release|Any CPU
		{761D821E-9905-4444-9ADF-76C995FE5427}.Release|iPhone.ActiveCfg = Release|Any CPU
		{761D821E-9905-4444-9ADF-76C995FE5427}.Release|iPhone.Build.0 = Release|Any CPU
		{761D821E-9905-4444-9ADF-76C995FE5427}.Release|iPhoneSimulator.ActiveCfg = Release|Any CPU
		{761D821E-9905-4444-9ADF-76C995FE5427}.Release|iPhoneSimulator.Build.0 = Release|Any CPU
		{761D821E-9905-4444-9ADF-76C995FE5427}.Release|x64.ActiveCfg = Release|Any CPU
		{761D821E-9905-4444-9ADF-76C995FE5427}.Release|x64.Build.0 = Release|Any CPU
		{761D821E-9905-4444-9ADF-76C995FE5427}.Release|x86.ActiveCfg = Release|Any CPU
		{761D821E-9905-4444-9ADF-76C995FE5427}.Release|x86.Build.0 = Release|Any CPU
	EndGlobalSection
	GlobalSection(SolutionProperties) = preSolution
		HideSolutionNode = FALSE
	EndGlobalSection
	GlobalSection(ExtensibilityGlobals) = postSolution
		SolutionGuid = {C7433AE2-B1A0-4C1A-887E-5CAA7AAF67A6}
	EndGlobalSection
	GlobalSection(SharedMSBuildProjectFiles) = preSolution
		XkcdViewer.Shared\XkcdViewer.Shared.projitems*{024c46e7-b4f5-400f-9026-245fad6c4c19}*SharedItemsImports = 5
		XkcdViewer.Shared\XkcdViewer.Shared.projitems*{40ea03f7-8a22-4143-b251-79bac3eb13d2}*SharedItemsImports = 5
		XkcdViewer.Shared\XkcdViewer.Shared.projitems*{6279c845-92f8-4333-ab99-3d213163593c}*SharedItemsImports = 13
		XkcdViewer.Shared\XkcdViewer.Shared.projitems*{761d821e-9905-4444-9adf-76c995fe5427}*SharedItemsImports = 5
		XkcdViewer.Shared\XkcdViewer.Shared.projitems*{764de31f-6381-4124-b2cb-56c3525c759e}*SharedItemsImports = 4
		XkcdViewer.Shared\XkcdViewer.Shared.projitems*{951fb83e-2f50-421d-8e21-4e7fc3454d31}*SharedItemsImports = 4
		XkcdViewer.Shared\XkcdViewer.Shared.projitems*{9aed22a6-77dc-4799-bae7-5f26f2070bd2}*SharedItemsImports = 5
		XkcdViewer.Shared\XkcdViewer.Shared.projitems*{a2d5d2e8-94fc-4aef-9937-3c2394fef886}*SharedItemsImports = 4
		XkcdViewer.Shared\XkcdViewer.Shared.projitems*{a5b8155a-118f-4794-b551-c6f3cf7e5411}*SharedItemsImports = 5
		XkcdViewer.Shared\XkcdViewer.Shared.projitems*{f705f406-574b-483f-ba0a-fcaec7dd8fce}*SharedItemsImports = 4
	EndGlobalSection
EndGlobal
